// !$*UTF8*$!
{
	archiveVersion = 1;
	classes = {
	};
	objectVersion = 48;
	objects = {

/* Begin PBXBuildFile section */
		71FFC5D4890EA07CCAF1FE2C /* Pods_AideAUITests.framework in Frameworks */ = {isa = PBXBuildFile; fileRef = 73FB01084541CDEA9C7337D1 /* Pods_AideAUITests.framework */; };
		A23ED6F41FB8A661001748AD /* DictionaryViewController.swift in Sources */ = {isa = PBXBuildFile; fileRef = A23ED6F31FB8A661001748AD /* DictionaryViewController.swift */; };
		A23ED6F51FB8AA95001748AD /* ThemeDB.realm in Resources */ = {isa = PBXBuildFile; fileRef = A2CC8C521FB57A1000F18695 /* ThemeDB.realm */; };
		A23ED6F61FB8AA95001748AD /* DictionaryDB.realm in Resources */ = {isa = PBXBuildFile; fileRef = A2CC8C511FB57A0600F18695 /* DictionaryDB.realm */; };
		A23ED6F81FB8B440001748AD /* ThemeModel.swift in Sources */ = {isa = PBXBuildFile; fileRef = A23ED6F71FB8B440001748AD /* ThemeModel.swift */; };
		A24672881FB55BA000F1ADC2 /* AppDelegate.swift in Sources */ = {isa = PBXBuildFile; fileRef = A24672871FB55BA000F1ADC2 /* AppDelegate.swift */; };
		A246728A1FB55BA000F1ADC2 /* HomeViewController.swift in Sources */ = {isa = PBXBuildFile; fileRef = A24672891FB55BA000F1ADC2 /* HomeViewController.swift */; };
		A246728F1FB55BA000F1ADC2 /* Main.storyboard in Resources */ = {isa = PBXBuildFile; fileRef = A246728D1FB55BA000F1ADC2 /* Main.storyboard */; };
		A24672911FB55BA000F1ADC2 /* Assets.xcassets in Resources */ = {isa = PBXBuildFile; fileRef = A24672901FB55BA000F1ADC2 /* Assets.xcassets */; };
		A24672941FB55BA000F1ADC2 /* LaunchScreen.storyboard in Resources */ = {isa = PBXBuildFile; fileRef = A24672921FB55BA000F1ADC2 /* LaunchScreen.storyboard */; };
		A246729F1FB55BA000F1ADC2 /* AideATests.swift in Sources */ = {isa = PBXBuildFile; fileRef = A246729E1FB55BA000F1ADC2 /* AideATests.swift */; };
		A24672AA1FB55BA000F1ADC2 /* AideAUITests.swift in Sources */ = {isa = PBXBuildFile; fileRef = A24672A91FB55BA000F1ADC2 /* AideAUITests.swift */; };
		A2A770FD1FCBAEA5008D7AAB /* QRCodeReader.framework in Frameworks */ = {isa = PBXBuildFile; fileRef = A2A770FE1FCBAEA5008D7AAB /* QRCodeReader.framework */; };
		A2A771001FCBAF03008D7AAB /* AVFoundation.framework in Frameworks */ = {isa = PBXBuildFile; fileRef = A2A770FF1FCBAF02008D7AAB /* AVFoundation.framework */; };
		A2A771F91FE3AA56008D7AAB /* UserdefaultsManager.swift in Sources */ = {isa = PBXBuildFile; fileRef = A2A771F81FE3AA56008D7AAB /* UserdefaultsManager.swift */; };
		A2CC8C4B1FB566AA00F18695 /* RealmSwift.framework in Frameworks */ = {isa = PBXBuildFile; fileRef = A2CC8C4D1FB566AA00F18695 /* RealmSwift.framework */; };
		A2CC8C4C1FB566AA00F18695 /* SwiftyJSON.framework in Frameworks */ = {isa = PBXBuildFile; fileRef = A2CC8C4E1FB566AA00F18695 /* SwiftyJSON.framework */; };
		A2CC8C551FB57AAB00F18695 /* DictionaryModel.swift in Sources */ = {isa = PBXBuildFile; fileRef = A2CC8C541FB57AAB00F18695 /* DictionaryModel.swift */; };
		A2CC8C591FB57AFD00F18695 /* AlphabetCell.swift in Sources */ = {isa = PBXBuildFile; fileRef = A2CC8C571FB57AFD00F18695 /* AlphabetCell.swift */; };
		A2CC8C5A1FB57AFD00F18695 /* WordCell.swift in Sources */ = {isa = PBXBuildFile; fileRef = A2CC8C581FB57AFD00F18695 /* WordCell.swift */; };
		A2CC8C5E1FB57B2800F18695 /* WordCell.xib in Resources */ = {isa = PBXBuildFile; fileRef = A2CC8C5C1FB57B2800F18695 /* WordCell.xib */; };
		A2CC8C5F1FB57B2800F18695 /* AlphabetCell.xib in Resources */ = {isa = PBXBuildFile; fileRef = A2CC8C5D1FB57B2800F18695 /* AlphabetCell.xib */; };
		A2CC8C611FB57BA200F18695 /* OperationAlphabets.swift in Sources */ = {isa = PBXBuildFile; fileRef = A2CC8C601FB57BA200F18695 /* OperationAlphabets.swift */; };
		A2CC8C631FB57BCA00F18695 /* QRCode.swift in Sources */ = {isa = PBXBuildFile; fileRef = A2CC8C621FB57BCA00F18695 /* QRCode.swift */; };
		A2CC8CAA1FB888C700F18695 /* Makinas-Scrap-5.otf in Resources */ = {isa = PBXBuildFile; fileRef = A2CC8C4F1FB5783400F18695 /* Makinas-Scrap-5.otf */; };
		ABD7552740F8C5190A2BD144 /* Pods_AideA.framework in Frameworks */ = {isa = PBXBuildFile; fileRef = 8A0C0DF4ED5436E591D6F62D /* Pods_AideA.framework */; };
		C0C8B336A4BD8AF41F16C275 /* Pods_AideATests.framework in Frameworks */ = {isa = PBXBuildFile; fileRef = F6EE486382E552429C4361C1 /* Pods_AideATests.framework */; };
/* End PBXBuildFile section */

/* Begin PBXContainerItemProxy section */
		A246729B1FB55BA000F1ADC2 /* PBXContainerItemProxy */ = {
			isa = PBXContainerItemProxy;
			containerPortal = A246727C1FB55BA000F1ADC2 /* Project object */;
			proxyType = 1;
			remoteGlobalIDString = A24672831FB55BA000F1ADC2;
			remoteInfo = AideA;
		};
		A24672A61FB55BA000F1ADC2 /* PBXContainerItemProxy */ = {
			isa = PBXContainerItemProxy;
			containerPortal = A246727C1FB55BA000F1ADC2 /* Project object */;
			proxyType = 1;
			remoteGlobalIDString = A24672831FB55BA000F1ADC2;
			remoteInfo = AideA;
		};
/* End PBXContainerItemProxy section */

/* Begin PBXFileReference section */
		00F548E6FA1465393CCD25A4 /* Pods-AideA.debug.xcconfig */ = {isa = PBXFileReference; includeInIndex = 1; lastKnownFileType = text.xcconfig; name = "Pods-AideA.debug.xcconfig"; path = "Pods/Target Support Files/Pods-AideA/Pods-AideA.debug.xcconfig"; sourceTree = "<group>"; };
		3992FCC089A01E59C82DFC12 /* Pods-AideATests.debug.xcconfig */ = {isa = PBXFileReference; includeInIndex = 1; lastKnownFileType = text.xcconfig; name = "Pods-AideATests.debug.xcconfig"; path = "Pods/Target Support Files/Pods-AideATests/Pods-AideATests.debug.xcconfig"; sourceTree = "<group>"; };
		68D5106842767BD595FC8D17 /* Pods-AideAUITests.debug.xcconfig */ = {isa = PBXFileReference; includeInIndex = 1; lastKnownFileType = text.xcconfig; name = "Pods-AideAUITests.debug.xcconfig"; path = "Pods/Target Support Files/Pods-AideAUITests/Pods-AideAUITests.debug.xcconfig"; sourceTree = "<group>"; };
		73FB01084541CDEA9C7337D1 /* Pods_AideAUITests.framework */ = {isa = PBXFileReference; explicitFileType = wrapper.framework; includeInIndex = 0; path = Pods_AideAUITests.framework; sourceTree = BUILT_PRODUCTS_DIR; };
		8A0C0DF4ED5436E591D6F62D /* Pods_AideA.framework */ = {isa = PBXFileReference; explicitFileType = wrapper.framework; includeInIndex = 0; path = Pods_AideA.framework; sourceTree = BUILT_PRODUCTS_DIR; };
		8B56F48F5183437B6E92BA75 /* Pods-AideAUITests.release.xcconfig */ = {isa = PBXFileReference; includeInIndex = 1; lastKnownFileType = text.xcconfig; name = "Pods-AideAUITests.release.xcconfig"; path = "Pods/Target Support Files/Pods-AideAUITests/Pods-AideAUITests.release.xcconfig"; sourceTree = "<group>"; };
		96CCC3CAECD01ECE5FD5D621 /* Pods-AideATests.release.xcconfig */ = {isa = PBXFileReference; includeInIndex = 1; lastKnownFileType = text.xcconfig; name = "Pods-AideATests.release.xcconfig"; path = "Pods/Target Support Files/Pods-AideATests/Pods-AideATests.release.xcconfig"; sourceTree = "<group>"; };
		A23ED6F31FB8A661001748AD /* DictionaryViewController.swift */ = {isa = PBXFileReference; lastKnownFileType = sourcecode.swift; path = DictionaryViewController.swift; sourceTree = "<group>"; };
		A23ED6F71FB8B440001748AD /* ThemeModel.swift */ = {isa = PBXFileReference; fileEncoding = 4; lastKnownFileType = sourcecode.swift; path = ThemeModel.swift; sourceTree = "<group>"; };
		A24672841FB55BA000F1ADC2 /* AideA.app */ = {isa = PBXFileReference; explicitFileType = wrapper.application; includeInIndex = 0; path = AideA.app; sourceTree = BUILT_PRODUCTS_DIR; };
		A24672871FB55BA000F1ADC2 /* AppDelegate.swift */ = {isa = PBXFileReference; lastKnownFileType = sourcecode.swift; path = AppDelegate.swift; sourceTree = "<group>"; };
		A24672891FB55BA000F1ADC2 /* HomeViewController.swift */ = {isa = PBXFileReference; lastKnownFileType = sourcecode.swift; path = HomeViewController.swift; sourceTree = "<group>"; };
		A246728E1FB55BA000F1ADC2 /* Base */ = {isa = PBXFileReference; lastKnownFileType = file.storyboard; name = Base; path = Base.lproj/Main.storyboard; sourceTree = "<group>"; };
		A24672901FB55BA000F1ADC2 /* Assets.xcassets */ = {isa = PBXFileReference; lastKnownFileType = folder.assetcatalog; path = Assets.xcassets; sourceTree = "<group>"; };
		A24672931FB55BA000F1ADC2 /* Base */ = {isa = PBXFileReference; lastKnownFileType = file.storyboard; name = Base; path = Base.lproj/LaunchScreen.storyboard; sourceTree = "<group>"; };
		A24672951FB55BA000F1ADC2 /* Info.plist */ = {isa = PBXFileReference; lastKnownFileType = text.plist.xml; path = Info.plist; sourceTree = "<group>"; };
		A246729A1FB55BA000F1ADC2 /* AideATests.xctest */ = {isa = PBXFileReference; explicitFileType = wrapper.cfbundle; includeInIndex = 0; path = AideATests.xctest; sourceTree = BUILT_PRODUCTS_DIR; };
		A246729E1FB55BA000F1ADC2 /* AideATests.swift */ = {isa = PBXFileReference; lastKnownFileType = sourcecode.swift; path = AideATests.swift; sourceTree = "<group>"; };
		A24672A01FB55BA000F1ADC2 /* Info.plist */ = {isa = PBXFileReference; lastKnownFileType = text.plist.xml; path = Info.plist; sourceTree = "<group>"; };
		A24672A51FB55BA000F1ADC2 /* AideAUITests.xctest */ = {isa = PBXFileReference; explicitFileType = wrapper.cfbundle; includeInIndex = 0; path = AideAUITests.xctest; sourceTree = BUILT_PRODUCTS_DIR; };
		A24672A91FB55BA000F1ADC2 /* AideAUITests.swift */ = {isa = PBXFileReference; lastKnownFileType = sourcecode.swift; path = AideAUITests.swift; sourceTree = "<group>"; };
		A24672AB1FB55BA000F1ADC2 /* Info.plist */ = {isa = PBXFileReference; lastKnownFileType = text.plist.xml; path = Info.plist; sourceTree = "<group>"; };
		A2A770FE1FCBAEA5008D7AAB /* QRCodeReader.framework */ = {isa = PBXFileReference; explicitFileType = wrapper.framework; path = QRCodeReader.framework; sourceTree = BUILT_PRODUCTS_DIR; };
		A2A770FF1FCBAF02008D7AAB /* AVFoundation.framework */ = {isa = PBXFileReference; lastKnownFileType = wrapper.framework; name = AVFoundation.framework; path = System/Library/Frameworks/AVFoundation.framework; sourceTree = SDKROOT; };
		A2A771F81FE3AA56008D7AAB /* UserdefaultsManager.swift */ = {isa = PBXFileReference; lastKnownFileType = sourcecode.swift; path = UserdefaultsManager.swift; sourceTree = "<group>"; };
		A2CC8C4D1FB566AA00F18695 /* RealmSwift.framework */ = {isa = PBXFileReference; explicitFileType = wrapper.framework; path = RealmSwift.framework; sourceTree = BUILT_PRODUCTS_DIR; };
		A2CC8C4E1FB566AA00F18695 /* SwiftyJSON.framework */ = {isa = PBXFileReference; explicitFileType = wrapper.framework; path = SwiftyJSON.framework; sourceTree = BUILT_PRODUCTS_DIR; };
		A2CC8C4F1FB5783400F18695 /* Makinas-Scrap-5.otf */ = {isa = PBXFileReference; lastKnownFileType = file; path = "Makinas-Scrap-5.otf"; sourceTree = "<group>"; };
		A2CC8C511FB57A0600F18695 /* DictionaryDB.realm */ = {isa = PBXFileReference; lastKnownFileType = file; path = DictionaryDB.realm; sourceTree = "<group>"; };
		A2CC8C521FB57A1000F18695 /* ThemeDB.realm */ = {isa = PBXFileReference; lastKnownFileType = file; path = ThemeDB.realm; sourceTree = "<group>"; };
		A2CC8C541FB57AAB00F18695 /* DictionaryModel.swift */ = {isa = PBXFileReference; fileEncoding = 4; lastKnownFileType = sourcecode.swift; path = DictionaryModel.swift; sourceTree = "<group>"; };
		A2CC8C571FB57AFD00F18695 /* AlphabetCell.swift */ = {isa = PBXFileReference; fileEncoding = 4; lastKnownFileType = sourcecode.swift; path = AlphabetCell.swift; sourceTree = "<group>"; };
		A2CC8C581FB57AFD00F18695 /* WordCell.swift */ = {isa = PBXFileReference; fileEncoding = 4; lastKnownFileType = sourcecode.swift; path = WordCell.swift; sourceTree = "<group>"; };
		A2CC8C5C1FB57B2800F18695 /* WordCell.xib */ = {isa = PBXFileReference; fileEncoding = 4; lastKnownFileType = file.xib; path = WordCell.xib; sourceTree = "<group>"; };
		A2CC8C5D1FB57B2800F18695 /* AlphabetCell.xib */ = {isa = PBXFileReference; fileEncoding = 4; lastKnownFileType = file.xib; path = AlphabetCell.xib; sourceTree = "<group>"; };
		A2CC8C601FB57BA200F18695 /* OperationAlphabets.swift */ = {isa = PBXFileReference; fileEncoding = 4; lastKnownFileType = sourcecode.swift; path = OperationAlphabets.swift; sourceTree = "<group>"; };
		A2CC8C621FB57BCA00F18695 /* QRCode.swift */ = {isa = PBXFileReference; fileEncoding = 4; lastKnownFileType = sourcecode.swift; path = QRCode.swift; sourceTree = "<group>"; };
		A9177EB2DB03694939415AD3 /* Pods-AideA.release.xcconfig */ = {isa = PBXFileReference; includeInIndex = 1; lastKnownFileType = text.xcconfig; name = "Pods-AideA.release.xcconfig"; path = "Pods/Target Support Files/Pods-AideA/Pods-AideA.release.xcconfig"; sourceTree = "<group>"; };
		F6EE486382E552429C4361C1 /* Pods_AideATests.framework */ = {isa = PBXFileReference; explicitFileType = wrapper.framework; includeInIndex = 0; path = Pods_AideATests.framework; sourceTree = BUILT_PRODUCTS_DIR; };
/* End PBXFileReference section */

/* Begin PBXFrameworksBuildPhase section */
		A24672811FB55BA000F1ADC2 /* Frameworks */ = {
			isa = PBXFrameworksBuildPhase;
			buildActionMask = 2147483647;
			files = (
				A2A771001FCBAF03008D7AAB /* AVFoundation.framework in Frameworks */,
				A2A770FD1FCBAEA5008D7AAB /* QRCodeReader.framework in Frameworks */,
				A2CC8C4B1FB566AA00F18695 /* RealmSwift.framework in Frameworks */,
				A2CC8C4C1FB566AA00F18695 /* SwiftyJSON.framework in Frameworks */,
				ABD7552740F8C5190A2BD144 /* Pods_AideA.framework in Frameworks */,
			);
			runOnlyForDeploymentPostprocessing = 0;
		};
		A24672971FB55BA000F1ADC2 /* Frameworks */ = {
			isa = PBXFrameworksBuildPhase;
			buildActionMask = 2147483647;
			files = (
				C0C8B336A4BD8AF41F16C275 /* Pods_AideATests.framework in Frameworks */,
			);
			runOnlyForDeploymentPostprocessing = 0;
		};
		A24672A21FB55BA000F1ADC2 /* Frameworks */ = {
			isa = PBXFrameworksBuildPhase;
			buildActionMask = 2147483647;
			files = (
				71FFC5D4890EA07CCAF1FE2C /* Pods_AideAUITests.framework in Frameworks */,
			);
			runOnlyForDeploymentPostprocessing = 0;
		};
/* End PBXFrameworksBuildPhase section */

/* Begin PBXGroup section */
		1E74AE0121A96059D0B2A80E /* Pods */ = {
			isa = PBXGroup;
			children = (
				00F548E6FA1465393CCD25A4 /* Pods-AideA.debug.xcconfig */,
				A9177EB2DB03694939415AD3 /* Pods-AideA.release.xcconfig */,
				3992FCC089A01E59C82DFC12 /* Pods-AideATests.debug.xcconfig */,
				96CCC3CAECD01ECE5FD5D621 /* Pods-AideATests.release.xcconfig */,
				68D5106842767BD595FC8D17 /* Pods-AideAUITests.debug.xcconfig */,
				8B56F48F5183437B6E92BA75 /* Pods-AideAUITests.release.xcconfig */,
			);
			name = Pods;
			sourceTree = "<group>";
		};
		6FA4BD1C8CE2DD0594750196 /* Frameworks */ = {
			isa = PBXGroup;
			children = (
				A2A770FF1FCBAF02008D7AAB /* AVFoundation.framework */,
				A2A770FE1FCBAEA5008D7AAB /* QRCodeReader.framework */,
				A2CC8C4D1FB566AA00F18695 /* RealmSwift.framework */,
				A2CC8C4E1FB566AA00F18695 /* SwiftyJSON.framework */,
				8A0C0DF4ED5436E591D6F62D /* Pods_AideA.framework */,
				F6EE486382E552429C4361C1 /* Pods_AideATests.framework */,
				73FB01084541CDEA9C7337D1 /* Pods_AideAUITests.framework */,
			);
			name = Frameworks;
			sourceTree = "<group>";
		};
		A246727B1FB55BA000F1ADC2 = {
			isa = PBXGroup;
			children = (
				A24672861FB55BA000F1ADC2 /* AideA */,
				A246729D1FB55BA000F1ADC2 /* AideATests */,
				A24672A81FB55BA000F1ADC2 /* AideAUITests */,
				A24672851FB55BA000F1ADC2 /* Products */,
				1E74AE0121A96059D0B2A80E /* Pods */,
				6FA4BD1C8CE2DD0594750196 /* Frameworks */,
			);
			sourceTree = "<group>";
		};
		A24672851FB55BA000F1ADC2 /* Products */ = {
			isa = PBXGroup;
			children = (
				A24672841FB55BA000F1ADC2 /* AideA.app */,
				A246729A1FB55BA000F1ADC2 /* AideATests.xctest */,
				A24672A51FB55BA000F1ADC2 /* AideAUITests.xctest */,
			);
			name = Products;
			sourceTree = "<group>";
		};
		A24672861FB55BA000F1ADC2 /* AideA */ = {
			isa = PBXGroup;
			children = (
				A2CC8C641FB57DBD00F18695 /* modules */,
				A2CC8C5B1FB57B1E00F18695 /* xib */,
				A2CC8C561FB57AEF00F18695 /* customViews */,
				A2CC8C531FB57A2800F18695 /* models */,
				A24672871FB55BA000F1ADC2 /* AppDelegate.swift */,
				A23ED6F31FB8A661001748AD /* DictionaryViewController.swift */,
				A24672891FB55BA000F1ADC2 /* HomeViewController.swift */,
				A246728D1FB55BA000F1ADC2 /* Main.storyboard */,
				A24672901FB55BA000F1ADC2 /* Assets.xcassets */,
				A24672921FB55BA000F1ADC2 /* LaunchScreen.storyboard */,
				A2CC8C521FB57A1000F18695 /* ThemeDB.realm */,
				A2CC8C511FB57A0600F18695 /* DictionaryDB.realm */,
				A2CC8C4F1FB5783400F18695 /* Makinas-Scrap-5.otf */,
				A24672951FB55BA000F1ADC2 /* Info.plist */,
				A2A771F81FE3AA56008D7AAB /* UserdefaultsManager.swift */,
			);
			path = AideA;
			sourceTree = "<group>";
		};
		A246729D1FB55BA000F1ADC2 /* AideATests */ = {
			isa = PBXGroup;
			children = (
				A246729E1FB55BA000F1ADC2 /* AideATests.swift */,
				A24672A01FB55BA000F1ADC2 /* Info.plist */,
			);
			path = AideATests;
			sourceTree = "<group>";
		};
		A24672A81FB55BA000F1ADC2 /* AideAUITests */ = {
			isa = PBXGroup;
			children = (
				A24672A91FB55BA000F1ADC2 /* AideAUITests.swift */,
				A24672AB1FB55BA000F1ADC2 /* Info.plist */,
			);
			path = AideAUITests;
			sourceTree = "<group>";
		};
		A2CC8C531FB57A2800F18695 /* models */ = {
			isa = PBXGroup;
			children = (
				A2CC8C541FB57AAB00F18695 /* DictionaryModel.swift */,
				A23ED6F71FB8B440001748AD /* ThemeModel.swift */,
			);
			path = models;
			sourceTree = "<group>";
		};
		A2CC8C561FB57AEF00F18695 /* customViews */ = {
			isa = PBXGroup;
			children = (
				A2CC8C571FB57AFD00F18695 /* AlphabetCell.swift */,
				A2CC8C581FB57AFD00F18695 /* WordCell.swift */,
			);
			path = customViews;
			sourceTree = "<group>";
		};
		A2CC8C5B1FB57B1E00F18695 /* xib */ = {
			isa = PBXGroup;
			children = (
				A2CC8C5D1FB57B2800F18695 /* AlphabetCell.xib */,
				A2CC8C5C1FB57B2800F18695 /* WordCell.xib */,
			);
			path = xib;
			sourceTree = "<group>";
		};
		A2CC8C641FB57DBD00F18695 /* modules */ = {
			isa = PBXGroup;
			children = (
				A2CC8C601FB57BA200F18695 /* OperationAlphabets.swift */,
				A2CC8C621FB57BCA00F18695 /* QRCode.swift */,
			);
			path = modules;
			sourceTree = "<group>";
		};
/* End PBXGroup section */

/* Begin PBXNativeTarget section */
		A24672831FB55BA000F1ADC2 /* AideA */ = {
			isa = PBXNativeTarget;
			buildConfigurationList = A24672AE1FB55BA000F1ADC2 /* Build configuration list for PBXNativeTarget "AideA" */;
			buildPhases = (
				77DD182C54CA415AB2056765 /* [CP] Check Pods Manifest.lock */,
				A24672801FB55BA000F1ADC2 /* Sources */,
				A24672811FB55BA000F1ADC2 /* Frameworks */,
				A24672821FB55BA000F1ADC2 /* Resources */,
				342714E21A00A1234F581F88 /* [CP] Embed Pods Frameworks */,
				63378C73C2C0DC3148A25A87 /* [CP] Copy Pods Resources */,
			);
			buildRules = (
			);
			dependencies = (
			);
			name = AideA;
			productName = AideA;
			productReference = A24672841FB55BA000F1ADC2 /* AideA.app */;
			productType = "com.apple.product-type.application";
		};
		A24672991FB55BA000F1ADC2 /* AideATests */ = {
			isa = PBXNativeTarget;
			buildConfigurationList = A24672B11FB55BA000F1ADC2 /* Build configuration list for PBXNativeTarget "AideATests" */;
			buildPhases = (
				5DE7BEB01D3C95194C69A7B8 /* [CP] Check Pods Manifest.lock */,
				A24672961FB55BA000F1ADC2 /* Sources */,
				A24672971FB55BA000F1ADC2 /* Frameworks */,
				A24672981FB55BA000F1ADC2 /* Resources */,
				2C0750E8C042E67638EE6F9E /* [CP] Embed Pods Frameworks */,
				1F6D4CAECD1CF238F764FA69 /* [CP] Copy Pods Resources */,
			);
			buildRules = (
			);
			dependencies = (
				A246729C1FB55BA000F1ADC2 /* PBXTargetDependency */,
			);
			name = AideATests;
			productName = AideATests;
			productReference = A246729A1FB55BA000F1ADC2 /* AideATests.xctest */;
			productType = "com.apple.product-type.bundle.unit-test";
		};
		A24672A41FB55BA000F1ADC2 /* AideAUITests */ = {
			isa = PBXNativeTarget;
			buildConfigurationList = A24672B41FB55BA000F1ADC2 /* Build configuration list for PBXNativeTarget "AideAUITests" */;
			buildPhases = (
				1860E12A0FE47D2EA619060F /* [CP] Check Pods Manifest.lock */,
				A24672A11FB55BA000F1ADC2 /* Sources */,
				A24672A21FB55BA000F1ADC2 /* Frameworks */,
				A24672A31FB55BA000F1ADC2 /* Resources */,
				6B90A8E7F9B843E22D7E1B76 /* [CP] Embed Pods Frameworks */,
				02E07FBB2427E799DD9627FF /* [CP] Copy Pods Resources */,
			);
			buildRules = (
			);
			dependencies = (
				A24672A71FB55BA000F1ADC2 /* PBXTargetDependency */,
			);
			name = AideAUITests;
			productName = AideAUITests;
			productReference = A24672A51FB55BA000F1ADC2 /* AideAUITests.xctest */;
			productType = "com.apple.product-type.bundle.ui-testing";
		};
/* End PBXNativeTarget section */

/* Begin PBXProject section */
		A246727C1FB55BA000F1ADC2 /* Project object */ = {
			isa = PBXProject;
			attributes = {
				LastSwiftUpdateCheck = 0900;
				LastUpgradeCheck = 0900;
				ORGANIZATIONNAME = NichibiAppCircle;
				TargetAttributes = {
					A24672831FB55BA000F1ADC2 = {
						CreatedOnToolsVersion = 9.0.1;
						ProvisioningStyle = Automatic;
					};
					A24672991FB55BA000F1ADC2 = {
						CreatedOnToolsVersion = 9.0.1;
						ProvisioningStyle = Automatic;
						TestTargetID = A24672831FB55BA000F1ADC2;
					};
					A24672A41FB55BA000F1ADC2 = {
						CreatedOnToolsVersion = 9.0.1;
						ProvisioningStyle = Automatic;
						TestTargetID = A24672831FB55BA000F1ADC2;
					};
				};
			};
			buildConfigurationList = A246727F1FB55BA000F1ADC2 /* Build configuration list for PBXProject "AideA" */;
			compatibilityVersion = "Xcode 8.0";
			developmentRegion = en;
			hasScannedForEncodings = 0;
			knownRegions = (
				en,
				Base,
			);
			mainGroup = A246727B1FB55BA000F1ADC2;
			productRefGroup = A24672851FB55BA000F1ADC2 /* Products */;
			projectDirPath = "";
			projectRoot = "";
			targets = (
				A24672831FB55BA000F1ADC2 /* AideA */,
				A24672991FB55BA000F1ADC2 /* AideATests */,
				A24672A41FB55BA000F1ADC2 /* AideAUITests */,
			);
		};
/* End PBXProject section */

/* Begin PBXResourcesBuildPhase section */
		A24672821FB55BA000F1ADC2 /* Resources */ = {
			isa = PBXResourcesBuildPhase;
			buildActionMask = 2147483647;
			files = (
				A23ED6F51FB8AA95001748AD /* ThemeDB.realm in Resources */,
				A23ED6F61FB8AA95001748AD /* DictionaryDB.realm in Resources */,
				A2CC8CAA1FB888C700F18695 /* Makinas-Scrap-5.otf in Resources */,
				A2CC8C5F1FB57B2800F18695 /* AlphabetCell.xib in Resources */,
				A24672941FB55BA000F1ADC2 /* LaunchScreen.storyboard in Resources */,
				A2CC8C5E1FB57B2800F18695 /* WordCell.xib in Resources */,
				A24672911FB55BA000F1ADC2 /* Assets.xcassets in Resources */,
				A246728F1FB55BA000F1ADC2 /* Main.storyboard in Resources */,
			);
			runOnlyForDeploymentPostprocessing = 0;
		};
		A24672981FB55BA000F1ADC2 /* Resources */ = {
			isa = PBXResourcesBuildPhase;
			buildActionMask = 2147483647;
			files = (
			);
			runOnlyForDeploymentPostprocessing = 0;
		};
		A24672A31FB55BA000F1ADC2 /* Resources */ = {
			isa = PBXResourcesBuildPhase;
			buildActionMask = 2147483647;
			files = (
			);
			runOnlyForDeploymentPostprocessing = 0;
		};
/* End PBXResourcesBuildPhase section */

/* Begin PBXShellScriptBuildPhase section */
		02E07FBB2427E799DD9627FF /* [CP] Copy Pods Resources */ = {
			isa = PBXShellScriptBuildPhase;
			buildActionMask = 2147483647;
			files = (
			);
			inputPaths = (
			);
			name = "[CP] Copy Pods Resources";
			outputPaths = (
			);
			runOnlyForDeploymentPostprocessing = 0;
			shellPath = /bin/sh;
			shellScript = "\"${SRCROOT}/Pods/Target Support Files/Pods-AideAUITests/Pods-AideAUITests-resources.sh\"\n";
			showEnvVarsInLog = 0;
		};
		1860E12A0FE47D2EA619060F /* [CP] Check Pods Manifest.lock */ = {
			isa = PBXShellScriptBuildPhase;
			buildActionMask = 2147483647;
			files = (
			);
			inputPaths = (
			);
			name = "[CP] Check Pods Manifest.lock";
			outputPaths = (
			);
			runOnlyForDeploymentPostprocessing = 0;
			shellPath = /bin/sh;
			shellScript = "diff \"${PODS_PODFILE_DIR_PATH}/Podfile.lock\" \"${PODS_ROOT}/Manifest.lock\" > /dev/null\nif [ $? != 0 ] ; then\n    # print error to STDERR\n    echo \"error: The sandbox is not in sync with the Podfile.lock. Run 'pod install' or update your CocoaPods installation.\" >&2\n    exit 1\nfi\n";
			showEnvVarsInLog = 0;
		};
		1F6D4CAECD1CF238F764FA69 /* [CP] Copy Pods Resources */ = {
			isa = PBXShellScriptBuildPhase;
			buildActionMask = 2147483647;
			files = (
			);
			inputPaths = (
			);
			name = "[CP] Copy Pods Resources";
			outputPaths = (
			);
			runOnlyForDeploymentPostprocessing = 0;
			shellPath = /bin/sh;
			shellScript = "\"${SRCROOT}/Pods/Target Support Files/Pods-AideATests/Pods-AideATests-resources.sh\"\n";
			showEnvVarsInLog = 0;
		};
		2C0750E8C042E67638EE6F9E /* [CP] Embed Pods Frameworks */ = {
			isa = PBXShellScriptBuildPhase;
			buildActionMask = 2147483647;
			files = (
			);
			inputPaths = (
			);
			name = "[CP] Embed Pods Frameworks";
			outputPaths = (
			);
			runOnlyForDeploymentPostprocessing = 0;
			shellPath = /bin/sh;
			shellScript = "\"${SRCROOT}/Pods/Target Support Files/Pods-AideATests/Pods-AideATests-frameworks.sh\"\n";
			showEnvVarsInLog = 0;
		};
		342714E21A00A1234F581F88 /* [CP] Embed Pods Frameworks */ = {
			isa = PBXShellScriptBuildPhase;
			buildActionMask = 2147483647;
			files = (
			);
			inputPaths = (
			);
			name = "[CP] Embed Pods Frameworks";
			outputPaths = (
			);
			runOnlyForDeploymentPostprocessing = 0;
			shellPath = /bin/sh;
			shellScript = "\"${SRCROOT}/Pods/Target Support Files/Pods-AideA/Pods-AideA-frameworks.sh\"\n";
			showEnvVarsInLog = 0;
		};
		5DE7BEB01D3C95194C69A7B8 /* [CP] Check Pods Manifest.lock */ = {
			isa = PBXShellScriptBuildPhase;
			buildActionMask = 2147483647;
			files = (
			);
			inputPaths = (
			);
			name = "[CP] Check Pods Manifest.lock";
			outputPaths = (
			);
			runOnlyForDeploymentPostprocessing = 0;
			shellPath = /bin/sh;
			shellScript = "diff \"${PODS_PODFILE_DIR_PATH}/Podfile.lock\" \"${PODS_ROOT}/Manifest.lock\" > /dev/null\nif [ $? != 0 ] ; then\n    # print error to STDERR\n    echo \"error: The sandbox is not in sync with the Podfile.lock. Run 'pod install' or update your CocoaPods installation.\" >&2\n    exit 1\nfi\n";
			showEnvVarsInLog = 0;
		};
		63378C73C2C0DC3148A25A87 /* [CP] Copy Pods Resources */ = {
			isa = PBXShellScriptBuildPhase;
			buildActionMask = 2147483647;
			files = (
			);
			inputPaths = (
			);
			name = "[CP] Copy Pods Resources";
			outputPaths = (
			);
			runOnlyForDeploymentPostprocessing = 0;
			shellPath = /bin/sh;
			shellScript = "\"${SRCROOT}/Pods/Target Support Files/Pods-AideA/Pods-AideA-resources.sh\"\n";
			showEnvVarsInLog = 0;
		};
		6B90A8E7F9B843E22D7E1B76 /* [CP] Embed Pods Frameworks */ = {
			isa = PBXShellScriptBuildPhase;
			buildActionMask = 2147483647;
			files = (
			);
			inputPaths = (
			);
			name = "[CP] Embed Pods Frameworks";
			outputPaths = (
			);
			runOnlyForDeploymentPostprocessing = 0;
			shellPath = /bin/sh;
			shellScript = "\"${SRCROOT}/Pods/Target Support Files/Pods-AideAUITests/Pods-AideAUITests-frameworks.sh\"\n";
			showEnvVarsInLog = 0;
		};
		77DD182C54CA415AB2056765 /* [CP] Check Pods Manifest.lock */ = {
			isa = PBXShellScriptBuildPhase;
			buildActionMask = 2147483647;
			files = (
			);
			inputPaths = (
			);
			name = "[CP] Check Pods Manifest.lock";
			outputPaths = (
			);
			runOnlyForDeploymentPostprocessing = 0;
			shellPath = /bin/sh;
			shellScript = "diff \"${PODS_PODFILE_DIR_PATH}/Podfile.lock\" \"${PODS_ROOT}/Manifest.lock\" > /dev/null\nif [ $? != 0 ] ; then\n    # print error to STDERR\n    echo \"error: The sandbox is not in sync with the Podfile.lock. Run 'pod install' or update your CocoaPods installation.\" >&2\n    exit 1\nfi\n";
			showEnvVarsInLog = 0;
		};
/* End PBXShellScriptBuildPhase section */

/* Begin PBXSourcesBuildPhase section */
		A24672801FB55BA000F1ADC2 /* Sources */ = {
			isa = PBXSourcesBuildPhase;
			buildActionMask = 2147483647;
			files = (
				A2CC8C631FB57BCA00F18695 /* QRCode.swift in Sources */,
				A24672881FB55BA000F1ADC2 /* AppDelegate.swift in Sources */,
				A2CC8C551FB57AAB00F18695 /* DictionaryModel.swift in Sources */,
				A2CC8C611FB57BA200F18695 /* OperationAlphabets.swift in Sources */,
				A2CC8C5A1FB57AFD00F18695 /* WordCell.swift in Sources */,
				A2CC8C591FB57AFD00F18695 /* AlphabetCell.swift in Sources */,
				A23ED6F81FB8B440001748AD /* ThemeModel.swift in Sources */,
				A23ED6F41FB8A661001748AD /* DictionaryViewController.swift in Sources */,
				A2A771F91FE3AA56008D7AAB /* UserdefaultsManager.swift in Sources */,
				A246728A1FB55BA000F1ADC2 /* HomeViewController.swift in Sources */,
			);
			runOnlyForDeploymentPostprocessing = 0;
		};
		A24672961FB55BA000F1ADC2 /* Sources */ = {
			isa = PBXSourcesBuildPhase;
			buildActionMask = 2147483647;
			files = (
				A246729F1FB55BA000F1ADC2 /* AideATests.swift in Sources */,
			);
			runOnlyForDeploymentPostprocessing = 0;
		};
		A24672A11FB55BA000F1ADC2 /* Sources */ = {
			isa = PBXSourcesBuildPhase;
			buildActionMask = 2147483647;
			files = (
				A24672AA1FB55BA000F1ADC2 /* AideAUITests.swift in Sources */,
			);
			runOnlyForDeploymentPostprocessing = 0;
		};
/* End PBXSourcesBuildPhase section */

/* Begin PBXTargetDependency section */
		A246729C1FB55BA000F1ADC2 /* PBXTargetDependency */ = {
			isa = PBXTargetDependency;
			target = A24672831FB55BA000F1ADC2 /* AideA */;
			targetProxy = A246729B1FB55BA000F1ADC2 /* PBXContainerItemProxy */;
		};
		A24672A71FB55BA000F1ADC2 /* PBXTargetDependency */ = {
			isa = PBXTargetDependency;
			target = A24672831FB55BA000F1ADC2 /* AideA */;
			targetProxy = A24672A61FB55BA000F1ADC2 /* PBXContainerItemProxy */;
		};
/* End PBXTargetDependency section */

/* Begin PBXVariantGroup section */
		A246728D1FB55BA000F1ADC2 /* Main.storyboard */ = {
			isa = PBXVariantGroup;
			children = (
				A246728E1FB55BA000F1ADC2 /* Base */,
			);
			name = Main.storyboard;
			sourceTree = "<group>";
		};
		A24672921FB55BA000F1ADC2 /* LaunchScreen.storyboard */ = {
			isa = PBXVariantGroup;
			children = (
				A24672931FB55BA000F1ADC2 /* Base */,
			);
			name = LaunchScreen.storyboard;
			sourceTree = "<group>";
		};
/* End PBXVariantGroup section */

/* Begin XCBuildConfiguration section */
		A24672AC1FB55BA000F1ADC2 /* Debug */ = {
			isa = XCBuildConfiguration;
			buildSettings = {
				ALWAYS_SEARCH_USER_PATHS = NO;
				CLANG_ANALYZER_NONNULL = YES;
				CLANG_ANALYZER_NUMBER_OBJECT_CONVERSION = YES_AGGRESSIVE;
				CLANG_CXX_LANGUAGE_STANDARD = "gnu++14";
				CLANG_CXX_LIBRARY = "libc++";
				CLANG_ENABLE_MODULES = YES;
				CLANG_ENABLE_OBJC_ARC = YES;
				CLANG_WARN_BLOCK_CAPTURE_AUTORELEASING = YES;
				CLANG_WARN_BOOL_CONVERSION = YES;
				CLANG_WARN_COMMA = YES;
				CLANG_WARN_CONSTANT_CONVERSION = YES;
				CLANG_WARN_DIRECT_OBJC_ISA_USAGE = YES_ERROR;
				CLANG_WARN_DOCUMENTATION_COMMENTS = YES;
				CLANG_WARN_EMPTY_BODY = YES;
				CLANG_WARN_ENUM_CONVERSION = YES;
				CLANG_WARN_INFINITE_RECURSION = YES;
				CLANG_WARN_INT_CONVERSION = YES;
				CLANG_WARN_NON_LITERAL_NULL_CONVERSION = YES;
				CLANG_WARN_OBJC_LITERAL_CONVERSION = YES;
				CLANG_WARN_OBJC_ROOT_CLASS = YES_ERROR;
				CLANG_WARN_RANGE_LOOP_ANALYSIS = YES;
				CLANG_WARN_STRICT_PROTOTYPES = YES;
				CLANG_WARN_SUSPICIOUS_MOVE = YES;
				CLANG_WARN_UNGUARDED_AVAILABILITY = YES_AGGRESSIVE;
				CLANG_WARN_UNREACHABLE_CODE = YES;
				CLANG_WARN__DUPLICATE_METHOD_MATCH = YES;
				CODE_SIGN_IDENTITY = "iPhone Developer";
				COPY_PHASE_STRIP = NO;
				DEBUG_INFORMATION_FORMAT = dwarf;
				ENABLE_STRICT_OBJC_MSGSEND = YES;
				ENABLE_TESTABILITY = YES;
				GCC_C_LANGUAGE_STANDARD = gnu11;
				GCC_DYNAMIC_NO_PIC = NO;
				GCC_NO_COMMON_BLOCKS = YES;
				GCC_OPTIMIZATION_LEVEL = 0;
				GCC_PREPROCESSOR_DEFINITIONS = (
					"DEBUG=1",
					"$(inherited)",
				);
				GCC_WARN_64_TO_32_BIT_CONVERSION = YES;
				GCC_WARN_ABOUT_RETURN_TYPE = YES_ERROR;
				GCC_WARN_UNDECLARED_SELECTOR = YES;
				GCC_WARN_UNINITIALIZED_AUTOS = YES_AGGRESSIVE;
				GCC_WARN_UNUSED_FUNCTION = YES;
				GCC_WARN_UNUSED_VARIABLE = YES;
				IPHONEOS_DEPLOYMENT_TARGET = 9.0;
				MTL_ENABLE_DEBUG_INFO = YES;
				ONLY_ACTIVE_ARCH = YES;
				SDKROOT = iphoneos;
				SWIFT_ACTIVE_COMPILATION_CONDITIONS = DEBUG;
				SWIFT_OPTIMIZATION_LEVEL = "-Onone";
			};
			name = Debug;
		};
		A24672AD1FB55BA000F1ADC2 /* Release */ = {
			isa = XCBuildConfiguration;
			buildSettings = {
				ALWAYS_SEARCH_USER_PATHS = NO;
				CLANG_ANALYZER_NONNULL = YES;
				CLANG_ANALYZER_NUMBER_OBJECT_CONVERSION = YES_AGGRESSIVE;
				CLANG_CXX_LANGUAGE_STANDARD = "gnu++14";
				CLANG_CXX_LIBRARY = "libc++";
				CLANG_ENABLE_MODULES = YES;
				CLANG_ENABLE_OBJC_ARC = YES;
				CLANG_WARN_BLOCK_CAPTURE_AUTORELEASING = YES;
				CLANG_WARN_BOOL_CONVERSION = YES;
				CLANG_WARN_COMMA = YES;
				CLANG_WARN_CONSTANT_CONVERSION = YES;
				CLANG_WARN_DIRECT_OBJC_ISA_USAGE = YES_ERROR;
				CLANG_WARN_DOCUMENTATION_COMMENTS = YES;
				CLANG_WARN_EMPTY_BODY = YES;
				CLANG_WARN_ENUM_CONVERSION = YES;
				CLANG_WARN_INFINITE_RECURSION = YES;
				CLANG_WARN_INT_CONVERSION = YES;
				CLANG_WARN_NON_LITERAL_NULL_CONVERSION = YES;
				CLANG_WARN_OBJC_LITERAL_CONVERSION = YES;
				CLANG_WARN_OBJC_ROOT_CLASS = YES_ERROR;
				CLANG_WARN_RANGE_LOOP_ANALYSIS = YES;
				CLANG_WARN_STRICT_PROTOTYPES = YES;
				CLANG_WARN_SUSPICIOUS_MOVE = YES;
				CLANG_WARN_UNGUARDED_AVAILABILITY = YES_AGGRESSIVE;
				CLANG_WARN_UNREACHABLE_CODE = YES;
				CLANG_WARN__DUPLICATE_METHOD_MATCH = YES;
				CODE_SIGN_IDENTITY = "iPhone Developer";
				COPY_PHASE_STRIP = NO;
				DEBUG_INFORMATION_FORMAT = "dwarf-with-dsym";
				ENABLE_NS_ASSERTIONS = NO;
				ENABLE_STRICT_OBJC_MSGSEND = YES;
				GCC_C_LANGUAGE_STANDARD = gnu11;
				GCC_NO_COMMON_BLOCKS = YES;
				GCC_WARN_64_TO_32_BIT_CONVERSION = YES;
				GCC_WARN_ABOUT_RETURN_TYPE = YES_ERROR;
				GCC_WARN_UNDECLARED_SELECTOR = YES;
				GCC_WARN_UNINITIALIZED_AUTOS = YES_AGGRESSIVE;
				GCC_WARN_UNUSED_FUNCTION = YES;
				GCC_WARN_UNUSED_VARIABLE = YES;
				IPHONEOS_DEPLOYMENT_TARGET = 9.0;
				MTL_ENABLE_DEBUG_INFO = NO;
				SDKROOT = iphoneos;
				SWIFT_OPTIMIZATION_LEVEL = "-Owholemodule";
				VALIDATE_PRODUCT = YES;
			};
			name = Release;
		};
		A24672AF1FB55BA000F1ADC2 /* Debug */ = {
			isa = XCBuildConfiguration;
			baseConfigurationReference = 00F548E6FA1465393CCD25A4 /* Pods-AideA.debug.xcconfig */;
			buildSettings = {
				ASSETCATALOG_COMPILER_APPICON_NAME = AppIcon;
				CODE_SIGN_STYLE = Automatic;
				DEVELOPMENT_TEAM = 3DQ4H3V5PW;
				INFOPLIST_FILE = AideA/Info.plist;
				IPHONEOS_DEPLOYMENT_TARGET = 9.0;
				LD_RUNPATH_SEARCH_PATHS = "$(inherited) @executable_path/Frameworks";
				PRODUCT_BUNDLE_IDENTIFIER = com.NichibiAppCircle.AideA;
				PRODUCT_NAME = "$(TARGET_NAME)";
				SWIFT_VERSION = 4.0;
				TARGETED_DEVICE_FAMILY = "1,2";
			};
			name = Debug;
		};
		A24672B01FB55BA000F1ADC2 /* Release */ = {
			isa = XCBuildConfiguration;
			baseConfigurationReference = A9177EB2DB03694939415AD3 /* Pods-AideA.release.xcconfig */;
			buildSettings = {
				ASSETCATALOG_COMPILER_APPICON_NAME = AppIcon;
				CODE_SIGN_STYLE = Automatic;
				DEVELOPMENT_TEAM = 3DQ4H3V5PW;
				INFOPLIST_FILE = AideA/Info.plist;
				IPHONEOS_DEPLOYMENT_TARGET = 9.0;
				LD_RUNPATH_SEARCH_PATHS = "$(inherited) @executable_path/Frameworks";
				PRODUCT_BUNDLE_IDENTIFIER = com.NichibiAppCircle.AideA;
				PRODUCT_NAME = "$(TARGET_NAME)";
				SWIFT_VERSION = 4.0;
				TARGETED_DEVICE_FAMILY = "1,2";
			};
			name = Release;
		};
		A24672B21FB55BA000F1ADC2 /* Debug */ = {
			isa = XCBuildConfiguration;
			baseConfigurationReference = 3992FCC089A01E59C82DFC12 /* Pods-AideATests.debug.xcconfig */;
			buildSettings = {
				ALWAYS_EMBED_SWIFT_STANDARD_LIBRARIES = YES;
				BUNDLE_LOADER = "$(TEST_HOST)";
				CODE_SIGN_STYLE = Automatic;
				INFOPLIST_FILE = AideATests/Info.plist;
				LD_RUNPATH_SEARCH_PATHS = "$(inherited) @executable_path/Frameworks @loader_path/Frameworks";
				PRODUCT_BUNDLE_IDENTIFIER = com.NichibiAppCircle.AideATests;
				PRODUCT_NAME = "$(TARGET_NAME)";
				SWIFT_VERSION = 4.0;
				TARGETED_DEVICE_FAMILY = "1,2";
				TEST_HOST = "$(BUILT_PRODUCTS_DIR)/AideA.app/AideA";
			};
			name = Debug;
		};
		A24672B31FB55BA000F1ADC2 /* Release */ = {
			isa = XCBuildConfiguration;
			baseConfigurationReference = 96CCC3CAECD01ECE5FD5D621 /* Pods-AideATests.release.xcconfig */;
			buildSettings = {
				ALWAYS_EMBED_SWIFT_STANDARD_LIBRARIES = YES;
				BUNDLE_LOADER = "$(TEST_HOST)";
				CODE_SIGN_STYLE = Automatic;
				INFOPLIST_FILE = AideATests/Info.plist;
				LD_RUNPATH_SEARCH_PATHS = "$(inherited) @executable_path/Frameworks @loader_path/Frameworks";
				PRODUCT_BUNDLE_IDENTIFIER = com.NichibiAppCircle.AideATests;
				PRODUCT_NAME = "$(TARGET_NAME)";
				SWIFT_VERSION = 4.0;
				TARGETED_DEVICE_FAMILY = "1,2";
				TEST_HOST = "$(BUILT_PRODUCTS_DIR)/AideA.app/AideA";
			};
			name = Release;
		};
		A24672B51FB55BA000F1ADC2 /* Debug */ = {
			isa = XCBuildConfiguration;
			baseConfigurationReference = 68D5106842767BD595FC8D17 /* Pods-AideAUITests.debug.xcconfig */;
			buildSettings = {
				ALWAYS_EMBED_SWIFT_STANDARD_LIBRARIES = YES;
				CODE_SIGN_STYLE = Automatic;
				INFOPLIST_FILE = AideAUITests/Info.plist;
				LD_RUNPATH_SEARCH_PATHS = "$(inherited) @executable_path/Frameworks @loader_path/Frameworks";
				PRODUCT_BUNDLE_IDENTIFIER = com.NichibiAppCircle.AideAUITests;
				PRODUCT_NAME = "$(TARGET_NAME)";
				SWIFT_VERSION = 4.0;
				TARGETED_DEVICE_FAMILY = "1,2";
				TEST_TARGET_NAME = AideA;
			};
			name = Debug;
		};
		A24672B61FB55BA000F1ADC2 /* Release */ = {
			isa = XCBuildConfiguration;
			baseConfigurationReference = 8B56F48F5183437B6E92BA75 /* Pods-AideAUITests.release.xcconfig */;
			buildSettings = {
				ALWAYS_EMBED_SWIFT_STANDARD_LIBRARIES = YES;
				CODE_SIGN_STYLE = Automatic;
				INFOPLIST_FILE = AideAUITests/Info.plist;
				LD_RUNPATH_SEARCH_PATHS = "$(inherited) @executable_path/Frameworks @loader_path/Frameworks";
				PRODUCT_BUNDLE_IDENTIFIER = com.NichibiAppCircle.AideAUITests;
				PRODUCT_NAME = "$(TARGET_NAME)";
				SWIFT_VERSION = 4.0;
				TARGETED_DEVICE_FAMILY = "1,2";
				TEST_TARGET_NAME = AideA;
			};
			name = Release;
		};
/* End XCBuildConfiguration section */

/* Begin XCConfigurationList section */
		A246727F1FB55BA000F1ADC2 /* Build configuration list for PBXProject "AideA" */ = {
			isa = XCConfigurationList;
			buildConfigurations = (
				A24672AC1FB55BA000F1ADC2 /* Debug */,
				A24672AD1FB55BA000F1ADC2 /* Release */,
			);
			defaultConfigurationIsVisible = 0;
			defaultConfigurationName = Release;
		};
		A24672AE1FB55BA000F1ADC2 /* Build configuration list for PBXNativeTarget "AideA" */ = {
			isa = XCConfigurationList;
			buildConfigurations = (
				A24672AF1FB55BA000F1ADC2 /* Debug */,
				A24672B01FB55BA000F1ADC2 /* Release */,
			);
			defaultConfigurationIsVisible = 0;
			defaultConfigurationName = Release;
		};
		A24672B11FB55BA000F1ADC2 /* Build configuration list for PBXNativeTarget "AideATests" */ = {
			isa = XCConfigurationList;
			buildConfigurations = (
				A24672B21FB55BA000F1ADC2 /* Debug */,
				A24672B31FB55BA000F1ADC2 /* Release */,
			);
			defaultConfigurationIsVisible = 0;
			defaultConfigurationName = Release;
		};
		A24672B41FB55BA000F1ADC2 /* Build configuration list for PBXNativeTarget "AideAUITests" */ = {
			isa = XCConfigurationList;
			buildConfigurations = (
				A24672B51FB55BA000F1ADC2 /* Debug */,
				A24672B61FB55BA000F1ADC2 /* Release */,
			);
			defaultConfigurationIsVisible = 0;
			defaultConfigurationName = Release;
		};
/* End XCConfigurationList section */
	};
	rootObject = A246727C1FB55BA000F1ADC2 /* Project object */;
}
